
Microsoft Visual Studio Solution File, Format Version 12.00
# Visual Studio Version 16
VisualStudioVersion = 16.0.30611.23
MinimumVisualStudioVersion = 10.0.40219.1
Project("{9A19103F-16F7-4668-BE54-9A1E7A4F7556}") = "Hush", "Hush.csproj", "{29C87DB8-5B59-497F-9DB9-ECF6442CC09F}"
EndProject
Global
	GlobalSection(SolutionConfigurationPlatforms) = preSolution
		Debug|Any CPU = Debug|Any CPU
		Release|Any CPU = Release|Any CPU
	EndGlobalSection
	GlobalSection(ProjectConfigurationPlatforms) = postSolution
		{29C87DB8-5B59-497F-9DB9-ECF6442CC09F}.Debug|Any CPU.ActiveCfg = Debug|Any CPU
		{29C87DB8-5B59-497F-9DB9-ECF6442CC09F}.Debug|Any CPU.Build.0 = Debug|Any CPU
		{29C87DB8-5B59-497F-9DB9-ECF6442CC09F}.Release|Any CPU.ActiveCfg = Release|Any CPU
		{29C87DB8-5B59-497F-9DB9-ECF6442CC09F}.Release|Any CPU.Build.0 = Release|Any CPU
	EndGlobalSection
	GlobalSection(SolutionProperties) = preSolution
		HideSolutionNode = FALSE
	EndGlobalSection
	GlobalSection(ExtensibilityGlobals) = postSolution
		SolutionGuid = {1A34D46D-71ED-4C53-ACD6-4D10EFC860A7}
	EndGlobalSection
EndGlobal
